
Microsoft Visual Studio Solution File, Format Version 11.00
# Visual Studio 2010
Project("{FAE04EC0-301F-11D3-BF4B-00C04F79EFBC}") = "LinFu.DynamicProxy.Silveright", "LinFu.DynamicProxy.Silveright.csproj", "{428D35A2-5FC6-42E8-940A-2B1B56CA240A}"
EndProject
Global
	GlobalSection(SolutionConfigurationPlatforms) = preSolution
		Debug|Any CPU = Debug|Any CPU
		Release|Any CPU = Release|Any CPU
	EndGlobalSection
	GlobalSection(ProjectConfigurationPlatforms) = postSolution
		{428D35A2-5FC6-42E8-940A-2B1B56CA240A}.Debug|Any CPU.ActiveCfg = Debug|Any CPU
		{428D35A2-5FC6-42E8-940A-2B1B56CA240A}.Debug|Any CPU.Build.0 = Debug|Any CPU
		{428D35A2-5FC6-42E8-940A-2B1B56CA240A}.Release|Any CPU.ActiveCfg = Release|Any CPU
		{428D35A2-5FC6-42E8-940A-2B1B56CA240A}.Release|Any CPU.Build.0 = Release|Any CPU
	EndGlobalSection
	GlobalSection(SolutionProperties) = preSolution
		HideSolutionNode = FALSE
	EndGlobalSection
EndGlobal
