
Microsoft Visual Studio Solution File, Format Version 11.00
# Visual Studio 2010
Project("{FAE04EC0-301F-11D3-BF4B-00C04F79EFBC}") = "LinFu.DynamicProxy", "LinFu.DynamicProxy.csproj", "{859EF99C-D959-4485-B24E-05AEAB9B54CF}"
EndProject
Project("{FAE04EC0-301F-11D3-BF4B-00C04F79EFBC}") = "LinFu.DynamicProxy.Tests", "LinFu.DynamicProxy.Tests\LinFu.DynamicProxy.Tests.csproj", "{05898A27-07AD-4838-8EDC-6A495849EAF3}"
EndProject
Project("{FAE04EC0-301F-11D3-BF4B-00C04F79EFBC}") = "SampleAssembly", "LinFu.DynamicProxy.Tests\SampleAssembly\SampleAssembly.csproj", "{78271ED1-8156-430B-8686-F1E935F34CB6}"
EndProject
Global
	GlobalSection(SolutionConfigurationPlatforms) = preSolution
		Debug|Any CPU = Debug|Any CPU
		Release|Any CPU = Release|Any CPU
	EndGlobalSection
	GlobalSection(ProjectConfigurationPlatforms) = postSolution
		{859EF99C-D959-4485-B24E-05AEAB9B54CF}.Debug|Any CPU.ActiveCfg = Debug|Any CPU
		{859EF99C-D959-4485-B24E-05AEAB9B54CF}.Debug|Any CPU.Build.0 = Debug|Any CPU
		{859EF99C-D959-4485-B24E-05AEAB9B54CF}.Release|Any CPU.ActiveCfg = Release|Any CPU
		{859EF99C-D959-4485-B24E-05AEAB9B54CF}.Release|Any CPU.Build.0 = Release|Any CPU
		{05898A27-07AD-4838-8EDC-6A495849EAF3}.Debug|Any CPU.ActiveCfg = Debug|Any CPU
		{05898A27-07AD-4838-8EDC-6A495849EAF3}.Debug|Any CPU.Build.0 = Debug|Any CPU
		{05898A27-07AD-4838-8EDC-6A495849EAF3}.Release|Any CPU.ActiveCfg = Release|Any CPU
		{05898A27-07AD-4838-8EDC-6A495849EAF3}.Release|Any CPU.Build.0 = Release|Any CPU
		{78271ED1-8156-430B-8686-F1E935F34CB6}.Debug|Any CPU.ActiveCfg = Debug|Any CPU
		{78271ED1-8156-430B-8686-F1E935F34CB6}.Debug|Any CPU.Build.0 = Debug|Any CPU
		{78271ED1-8156-430B-8686-F1E935F34CB6}.Release|Any CPU.ActiveCfg = Release|Any CPU
		{78271ED1-8156-430B-8686-F1E935F34CB6}.Release|Any CPU.Build.0 = Release|Any CPU
	EndGlobalSection
	GlobalSection(SolutionProperties) = preSolution
		HideSolutionNode = FALSE
	EndGlobalSection
EndGlobal
